schema = "reprobuild.solved-graph-lock.v2"

[lock]
platform = "amd64-linux"
optimal = false
inputs_digest = "fnv1a64:bb967bed3a01fac7"
variants = []
packages = [{ name = "adwaita-icon-theme", version = "1.0.0", source = "adwaita-icon-theme" }, { name = "audit", version = "1.0.0", source = "audit" }, { name = "bash", version = "1.0.0", source = "bash" }, { name = "btrfs-progs", version = "1.0.0", source = "btrfs-progs" }, { name = "busybox", version = "1.0.0", source = "busybox" }, { name = "ca-certificates", version = "1.0.0", source = "ca-certificates" }, { name = "cairo", version = "1.0.0", source = "cairo" }, { name = "clingo", version = "1.0.0", source = "clingo" }, { name = "coreutils", version = "1.0.0", source = "coreutils" }, { name = "cryptsetup", version = "1.0.0", source = "cryptsetup" }, { name = "curl", version = "1.0.0", source = "curl" }, { name = "dbus", version = "1.0.0", source = "dbus" }, { name = "dejavu-fonts", version = "1.0.0", source = "dejavu-fonts" }, { name = "dosfstools", version = "1.0.0", source = "dosfstools" }, { name = "e2fsprogs", version = "1.0.0", source = "e2fsprogs" }, { name = "expat", version = "1.0.0", source = "expat" }, { name = "fontconfig", version = "1.0.0", source = "fontconfig" }, { name = "freetype", version = "1.0.0", source = "freetype" }, { name = "fribidi", version = "1.0.0", source = "fribidi" }, { name = "gawk", version = "1.0.0", source = "gawk" }, { name = "gcc", version = "1.0.0", source = "gcc" }, { name = "gdisk", version = "1.0.0", source = "gdisk" }, { name = "gdk-pixbuf", version = "1.0.0", source = "gdk-pixbuf" }, { name = "glib2", version = "1.0.0", source = "glib2" }, { name = "glibc", version = "1.0.0", source = "glibc" }, { name = "gmp", version = "1.0.0", source = "gmp" }, { name = "grub", version = "1.0.0", source = "grub" }, { name = "harfbuzz", version = "1.0.0", source = "harfbuzz" }, { name = "iana-tzdata", version = "1.0.0", source = "iana-tzdata" }, { name = "icu", version = "1.0.0", source = "icu" }, { name = "iproute2", version = "1.0.0", source = "iproute2" }, { name = "iputils", version = "1.0.0", source = "iputils" }, { name = "json-c", version = "1.0.0", source = "json-c" }, { name = "kbd", version = "1.0.0", source = "kbd" }, { name = "kernel", version = "1.0.0", source = "kernel" }, { name = "kmod", version = "1.0.0", source = "kmod" }, { name = "less", version = "1.0.0", source = "less" }, { name = "libacl", version = "1.0.0", source = "libacl" }, { name = "libaio", version = "1.0.0", source = "libaio" }, { name = "libattr", version = "1.0.0", source = "libattr" }, { name = "libbsd", version = "1.0.0", source = "libbsd" }, { name = "libcap", version = "1.0.0", source = "libcap" }, { name = "libcap-ng", version = "1.0.0", source = "libcap-ng" }, { name = "libdisplay-info", version = "1.0.0", source = "libdisplay-info" }, { name = "libdrm", version = "1.0.0", source = "libdrm" }, { name = "libevdev", version = "1.0.0", source = "libevdev" }, { name = "libffi", version = "1.0.0", source = "libffi" }, { name = "libfontenc", version = "1.0.0", source = "libfontenc" }, { name = "libgcrypt", version = "1.0.0", source = "libgcrypt" }, { name = "libgpg-error", version = "1.0.0", source = "libgpg-error" }, { name = "libinput", version = "1.0.0", source = "libinput" }, { name = "libjpeg", version = "1.0.0", source = "libjpeg" }, { name = "libmd", version = "1.0.0", source = "libmd" }, { name = "libpciaccess", version = "1.0.0", source = "libpciaccess" }, { name = "libpng", version = "1.0.0", source = "libpng" }, { name = "libseat", version = "1.0.0", source = "libseat" }, { name = "libseccomp", version = "1.0.0", source = "libseccomp" }, { name = "libtiff", version = "1.0.0", source = "libtiff" }, { name = "libx11", version = "1.0.0", source = "libx11" }, { name = "libxau", version = "1.0.0", source = "libxau" }, { name = "libxcb", version = "1.0.0", source = "libxcb" }, { name = "libxcrypt", version = "1.0.0", source = "libxcrypt" }, { name = "libxcvt", version = "1.0.0", source = "libxcvt" }, { name = "libxdmcp", version = "1.0.0", source = "libxdmcp" }, { name = "libxfont2", version = "1.0.0", source = "libxfont2" }, { name = "libxkbcommon", version = "1.5.0", source = "libxkbcommon" }, { name = "libxkbfile", version = "1.0.0", source = "libxkbfile" }, { name = "libxml2", version = "1.0.0", source = "libxml2" }, { name = "llvm", version = "1.0.0", source = "llvm" }, { name = "lvm2", version = "1.0.0", source = "lvm2" }, { name = "lzo", version = "1.0.0", source = "lzo" }, { name = "mesa", version = "23.3.0", source = "mesa" }, { name = "mpc", version = "1.0.0", source = "mpc" }, { name = "mpfr", version = "1.0.0", source = "mpfr" }, { name = "mtdev", version = "1.0.0", source = "mtdev" }, { name = "mtools", version = "1.0.0", source = "mtools" }, { name = "musl", version = "1.0.0", source = "musl" }, { name = "nano", version = "1.0.0", source = "nano" }, { name = "ncurses", version = "1.0.0", source = "ncurses" }, { name = "nettle", version = "1.0.0", source = "nettle" }, { name = "openssl", version = "1.0.0", source = "openssl" }, { name = "pam", version = "1.0.0", source = "pam" }, { name = "pango", version = "1.0.0", source = "pango" }, { name = "parted", version = "1.0.0", source = "parted" }, { name = "patchelf", version = "1.0.0", source = "patchelf" }, { name = "pcre2", version = "1.0.0", source = "pcre2" }, { name = "perl", version = "1.0.0", source = "perl" }, { name = "pixman", version = "1.0.0", source = "pixman" }, { name = "popt", version = "1.0.0", source = "popt" }, { name = "procps", version = "1.0.0", source = "procps" }, { name = "python3", version = "1.0.0", source = "python3" }, { name = "qt6-base", version = "6.6.0", source = "qt6-base" }, { name = "qt6-declarative", version = "6.6.0", source = "qt6-declarative" }, { name = "qt6-quickcontrols2", version = "6.6.0", source = "qt6-quickcontrols2" }, { name = "qt6-tools", version = "6.6.0", source = "qt6-tools" }, { name = "qt6-wayland", version = "1.0.0", source = "qt6-wayland" }, { name = "readline", version = "1.0.0", source = "readline" }, { name = "reproosImage", version = "0.1.0", source = "reproosImage" }, { name = "reproosInstaller", version = "0.1.0", source = "reproosInstaller" }, { name = "reproosIso", version = "0.1.0", source = "reproosIso" }, { name = "reproosWorkflows", version = "0.1.0", source = "reproosWorkflows" }, { name = "rsync", version = "1.0.0", source = "rsync" }, { name = "sddm", version = "1.0.0", source = "sddm" }, { name = "sh", version = "1.0.0", source = "sh" }, { name = "shadow-utils", version = "1.0.0", source = "shadow-utils" }, { name = "sqlite", version = "1.0.0", source = "sqlite" }, { name = "squashfs-tools", version = "1.0.0", source = "squashfs-tools" }, { name = "strace", version = "1.0.0", source = "strace" }, { name = "sudo", version = "1.0.0", source = "sudo" }, { name = "sway", version = "1.0.0", source = "sway" }, { name = "systemd", version = "1.0.0", source = "systemd" }, { name = "tar", version = "1.0.0", source = "tar" }, { name = "util-linux", version = "1.0.0", source = "util-linux" }, { name = "vm-harness", version = "1.0.0", source = "vm-harness" }, { name = "wayland", version = "1.0.0", source = "wayland" }, { name = "wlroots", version = "1.0.0", source = "wlroots" }, { name = "xcb-util", version = "1.0.0", source = "xcb-util" }, { name = "xcb-util-cursor", version = "1.0.0", source = "xcb-util-cursor" }, { name = "xcb-util-image", version = "1.0.0", source = "xcb-util-image" }, { name = "xcb-util-keysyms", version = "1.0.0", source = "xcb-util-keysyms" }, { name = "xcb-util-renderutil", version = "1.0.0", source = "xcb-util-renderutil" }, { name = "xcb-util-wm", version = "1.0.0", source = "xcb-util-wm" }, { name = "xkbcomp", version = "1.0.0", source = "xkbcomp" }, { name = "xkeyboard-config", version = "1.0.0", source = "xkeyboard-config" }, { name = "xorg-server", version = "1.0.0", source = "xorg-server" }, { name = "xorriso", version = "1.0.0", source = "xorriso" }, { name = "xz", version = "1.0.0", source = "xz" }, { name = "zlib", version = "1.0.0", source = "zlib" }, { name = "zstd", version = "1.0.0", source = "zstd" }]
deps = [{ name = "reproos", path = ".", coord_kind = "vcs", url = "https://github.com/metacraft-labs/reproos", ref = "dev", revision = "48fe79d189d8b85a27128cbf0d7155edfe071a1c", integrity = "git-sha1:48fe79d189d8b85a27128cbf0d7155edfe071a1c", version = "", visibility = "public", participation = "", depends = "vm-harness", groups = "" }, { name = "vm-harness", path = "../vm-harness", coord_kind = "vcs", url = "https://github.com/metacraft-labs/vm-harness", ref = "dev", revision = "670cd7483bf99366149c4d1be5ea7d1e70e9a2a6", integrity = "git-sha1:670cd7483bf99366149c4d1be5ea7d1e70e9a2a6", version = "", visibility = "public", participation = "", depends = "", groups = "" }]
