schema = "reprobuild.solved-graph-lock.v2"

[lock]
platform = "amd64-linux"
optimal = false
inputs_digest = "fnv1a64:483f0e9b19ab9eb9"
variants = []
packages = [{ name = "adwaita-icon-theme", version = "1.0.0", source = "adwaita-icon-theme", selection = "selected" }, { name = "adwaitaIconThemeSource", version = "0.1.0", source = "adwaitaIconThemeSource", selection = "selected" }, { name = "audit", version = "1.0.0", source = "audit", selection = "selected" }, { name = "auditSource", version = "0.1.0", source = "auditSource", selection = "selected" }, { name = "autoconf", version = "1.0.0", source = "autoconf", selection = "selected" }, { name = "autoconfSource", version = "0.1.0", source = "autoconfSource", selection = "selected" }, { name = "automake", version = "1.0.0", source = "automake", selection = "selected" }, { name = "automakeSource", version = "0.1.0", source = "automakeSource", selection = "selected" }, { name = "awk", version = "1.0.0", source = "awk", selection = "selected" }, { name = "basename", version = "1.0.0", source = "basename", selection = "selected" }, { name = "bash", version = "5.2.0", source = "bash", selection = "selected" }, { name = "bashSource", version = "0.1.0", source = "bashSource", selection = "selected" }, { name = "bc", version = "1.0.0", source = "bc", selection = "selected" }, { name = "binutils", version = "2.39.0", source = "binutils", selection = "selected" }, { name = "binutilsSource", version = "0.1.0", source = "binutilsSource", selection = "selected" }, { name = "bison", version = "3.6.0", source = "bison", selection = "selected" }, { name = "btrfs-progs", version = "1.0.0", source = "btrfs-progs", selection = "selected" }, { name = "btrfsProgsSource", version = "0.1.0", source = "btrfsProgsSource", selection = "selected" }, { name = "busybox", version = "1.0.0", source = "busybox", selection = "selected" }, { name = "busyboxSource", version = "0.1.0", source = "busyboxSource", selection = "selected" }, { name = "bzip2", version = "1.0.0", source = "bzip2", selection = "selected" }, { name = "bzip2Source", version = "0.1.0", source = "bzip2Source", selection = "selected" }, { name = "ca-certificates", version = "1.0.0", source = "ca-certificates", selection = "selected" }, { name = "caCertificatesSource", version = "0.1.0", source = "caCertificatesSource", selection = "selected" }, { name = "cairo", version = "1.18.0", source = "cairo", selection = "selected" }, { name = "cairoSource", version = "0.1.0", source = "cairoSource", selection = "selected" }, { name = "cat", version = "1.0.0", source = "cat", selection = "selected" }, { name = "chmod", version = "1.0.0", source = "chmod", selection = "selected" }, { name = "clang", version = "1.0.0", source = "clang", selection = "selected" }, { name = "clingo", version = "1.0.0", source = "clingo", selection = "selected" }, { name = "clingoSource", version = "0.1.0", source = "clingoSource", selection = "selected" }, { name = "cmake", version = "3.21.0", source = "cmake", selection = "selected" }, { name = "cmakeSource", version = "0.1.0", source = "cmakeSource", selection = "selected" }, { name = "cmp", version = "1.0.0", source = "cmp", selection = "selected" }, { name = "coreutils", version = "1.0.0", source = "coreutils", selection = "selected" }, { name = "coreutilsSource", version = "0.1.0", source = "coreutilsSource", selection = "selected" }, { name = "cp", version = "1.0.0", source = "cp", selection = "selected" }, { name = "cryptsetup", version = "1.0.0", source = "cryptsetup", selection = "selected" }, { name = "cryptsetupSource", version = "0.1.0", source = "cryptsetupSource", selection = "selected" }, { name = "curl", version = "1.0.0", source = "curl", selection = "selected" }, { name = "curlSource", version = "0.1.0", source = "curlSource", selection = "selected" }, { name = "dbus", version = "1.14.0", source = "dbus", selection = "selected" }, { name = "dbusSource", version = "0.1.0", source = "dbusSource", selection = "selected" }, { name = "dejavu-fonts", version = "1.0.0", source = "dejavu-fonts", selection = "selected" }, { name = "dejavuFontsSource", version = "0.1.0", source = "dejavuFontsSource", selection = "selected" }, { name = "df", version = "1.0.0", source = "df", selection = "selected" }, { name = "diff", version = "1.0.0", source = "diff", selection = "selected" }, { name = "dirname", version = "1.0.0", source = "dirname", selection = "selected" }, { name = "dosfstools", version = "1.0.0", source = "dosfstools", selection = "selected" }, { name = "dosfstoolsSource", version = "0.1.0", source = "dosfstoolsSource", selection = "selected" }, { name = "du", version = "1.0.0", source = "du", selection = "selected" }, { name = "e2fsprogs", version = "1.0.0", source = "e2fsprogs", selection = "selected" }, { name = "e2fsprogsSource", version = "0.1.0", source = "e2fsprogsSource", selection = "selected" }, { name = "expat", version = "2.6.0", source = "expat", selection = "selected" }, { name = "expatSource", version = "0.1.0", source = "expatSource", selection = "selected" }, { name = "file", version = "1.0.0", source = "file", selection = "selected" }, { name = "find", version = "1.0.0", source = "find", selection = "selected" }, { name = "findSource", version = "0.1.0", source = "findSource", selection = "selected" }, { name = "flex", version = "2.6.0", source = "flex", selection = "selected" }, { name = "font-util", version = "1.0.0", source = "font-util", selection = "selected" }, { name = "fontUtilSource", version = "0.1.0", source = "fontUtilSource", selection = "selected" }, { name = "fontconfig", version = "2.15.0", source = "fontconfig", selection = "selected" }, { name = "fontconfigSource", version = "0.1.0", source = "fontconfigSource", selection = "selected" }, { name = "fontforge", version = "1.0.0", source = "fontforge", selection = "selected" }, { name = "freetype", version = "2.10.0", source = "freetype", selection = "selected" }, { name = "freetypeSource", version = "0.1.0", source = "freetypeSource", selection = "selected" }, { name = "fribidi", version = "1.0.6", source = "fribidi", selection = "selected" }, { name = "fribidiSource", version = "0.1.0", source = "fribidiSource", selection = "selected" }, { name = "gawk", version = "1.0.0", source = "gawk", selection = "selected" }, { name = "gawkSource", version = "0.1.0", source = "gawkSource", selection = "selected" }, { name = "gcc", version = "12.0.0", source = "gcc", selection = "selected" }, { name = "gccSource", version = "0.1.0", source = "gccSource", selection = "selected" }, { name = "gdisk", version = "1.0.0", source = "gdisk", selection = "selected" }, { name = "gdiskSource", version = "0.1.0", source = "gdiskSource", selection = "selected" }, { name = "gdk-pixbuf", version = "2.40.0", source = "gdk-pixbuf", selection = "selected" }, { name = "gdkPixbufSource", version = "0.1.0", source = "gdkPixbufSource", selection = "selected" }, { name = "gettext", version = "1.0.0", source = "gettext", selection = "selected" }, { name = "gettextSource", version = "0.1.0", source = "gettextSource", selection = "selected" }, { name = "glib2", version = "2.82.0", source = "glib2", selection = "selected" }, { name = "glib2-introspection", version = "1.0.0", source = "glib2-introspection", selection = "selected" }, { name = "glib2IntrospectionSource", version = "0.1.0", source = "glib2IntrospectionSource", selection = "selected" }, { name = "glib2Source", version = "0.1.0", source = "glib2Source", selection = "selected" }, { name = "glibc", version = "2.42.0", source = "glibc", selection = "selected" }, { name = "glibcSource", version = "0.1.0", source = "glibcSource", selection = "selected" }, { name = "gmp", version = "6.2.0", source = "gmp", selection = "selected" }, { name = "gmpSource", version = "0.1.0", source = "gmpSource", selection = "selected" }, { name = "gobject-introspection", version = "1.66.0", source = "gobject-introspection", selection = "selected" }, { name = "gobjectIntrospectionSource", version = "0.1.0", source = "gobjectIntrospectionSource", selection = "selected" }, { name = "gperf", version = "1.0.0", source = "gperf", selection = "selected" }, { name = "grep", version = "1.0.0", source = "grep", selection = "selected" }, { name = "grepSource", version = "0.1.0", source = "grepSource", selection = "selected" }, { name = "grub", version = "1.0.0", source = "grub", selection = "selected" }, { name = "grub-install", version = "1.0.0", source = "grub-install", selection = "selected" }, { name = "grub-mkconfig", version = "1.0.0", source = "grub-mkconfig", selection = "selected" }, { name = "grubSource", version = "0.1.0", source = "grubSource", selection = "selected" }, { name = "gtk-update-icon-cache", version = "1.0.0", source = "gtk-update-icon-cache", selection = "selected" }, { name = "gzip", version = "1.0.0", source = "gzip", selection = "selected" }, { name = "gzipSource", version = "0.1.0", source = "gzipSource", selection = "selected" }, { name = "harfbuzz", version = "8.4.0", source = "harfbuzz", selection = "selected" }, { name = "harfbuzzSource", version = "0.1.0", source = "harfbuzzSource", selection = "selected" }, { name = "head", version = "1.0.0", source = "head", selection = "selected" }, { name = "hwdata", version = "1.0.0", source = "hwdata", selection = "selected" }, { name = "hwdataSource", version = "0.1.0", source = "hwdataSource", selection = "selected" }, { name = "iana-tzdata", version = "1.0.0", source = "iana-tzdata", selection = "selected" }, { name = "ianaTzdataSource", version = "0.1.0", source = "ianaTzdataSource", selection = "selected" }, { name = "icu", version = "70.0.0", source = "icu", selection = "selected" }, { name = "icuSource", version = "0.1.0", source = "icuSource", selection = "selected" }, { name = "iproute2", version = "1.0.0", source = "iproute2", selection = "selected" }, { name = "iproute2Source", version = "0.1.0", source = "iproute2Source", selection = "selected" }, { name = "iputils", version = "1.0.0", source = "iputils", selection = "selected" }, { name = "iputilsSource", version = "0.1.0", source = "iputilsSource", selection = "selected" }, { name = "json-c", version = "1.0.0", source = "json-c", selection = "selected" }, { name = "jsonCSource", version = "0.1.0", source = "jsonCSource", selection = "selected" }, { name = "kbd", version = "1.0.0", source = "kbd", selection = "selected" }, { name = "kbdSource", version = "0.1.0", source = "kbdSource", selection = "selected" }, { name = "kernel", version = "1.0.0", source = "kernel", selection = "selected" }, { name = "kernelSource", version = "0.1.0", source = "kernelSource", selection = "selected" }, { name = "kmod", version = "29.0.0", source = "kmod", selection = "selected" }, { name = "kmodSource", version = "0.1.0", source = "kmodSource", selection = "selected" }, { name = "ldd", version = "2.42.0", source = "ldd", selection = "selected" }, { name = "lddSource", version = "0.1.0", source = "lddSource", selection = "selected" }, { name = "less", version = "1.0.0", source = "less", selection = "selected" }, { name = "lessSource", version = "0.1.0", source = "lessSource", selection = "selected" }, { name = "libacl", version = "2.3.0", source = "libacl", selection = "selected" }, { name = "libaclSource", version = "0.1.0", source = "libaclSource", selection = "selected" }, { name = "libaio", version = "1.0.0", source = "libaio", selection = "selected" }, { name = "libaioSource", version = "0.1.0", source = "libaioSource", selection = "selected" }, { name = "libattr", version = "1.0.0", source = "libattr", selection = "selected" }, { name = "libattrSource", version = "0.1.0", source = "libattrSource", selection = "selected" }, { name = "libbsd", version = "1.0.0", source = "libbsd", selection = "selected" }, { name = "libbsdSource", version = "0.1.0", source = "libbsdSource", selection = "selected" }, { name = "libcap", version = "2.60.0", source = "libcap", selection = "selected" }, { name = "libcap-ng", version = "1.0.0", source = "libcap-ng", selection = "selected" }, { name = "libcapNgSource", version = "0.1.0", source = "libcapNgSource", selection = "selected" }, { name = "libcapSource", version = "0.1.0", source = "libcapSource", selection = "selected" }, { name = "libcrypt", version = "4.4.0", source = "libcrypt", selection = "selected" }, { name = "libdisplay-info", version = "1.0.0", source = "libdisplay-info", selection = "selected" }, { name = "libdisplayInfoSource", version = "0.1.0", source = "libdisplayInfoSource", selection = "selected" }, { name = "libdrm", version = "2.4.122", source = "libdrm", selection = "selected" }, { name = "libdrmSource", version = "0.1.0", source = "libdrmSource", selection = "selected" }, { name = "libelf", version = "0.187.0", source = "libelf", selection = "selected" }, { name = "libevdev", version = "1.9.0", source = "libevdev", selection = "selected" }, { name = "libevdevSource", version = "0.1.0", source = "libevdevSource", selection = "selected" }, { name = "libffi", version = "3.0.0", source = "libffi", selection = "selected" }, { name = "libffiSource", version = "0.1.0", source = "libffiSource", selection = "selected" }, { name = "libfontenc", version = "1.0.0", source = "libfontenc", selection = "selected" }, { name = "libfontencSource", version = "0.1.0", source = "libfontencSource", selection = "selected" }, { name = "libgcrypt", version = "1.0.0", source = "libgcrypt", selection = "selected" }, { name = "libgcryptSource", version = "0.1.0", source = "libgcryptSource", selection = "selected" }, { name = "libgpg-error", version = "1.0.0", source = "libgpg-error", selection = "selected" }, { name = "libgpgErrorSource", version = "0.1.0", source = "libgpgErrorSource", selection = "selected" }, { name = "libiconv", version = "1.19.0", source = "libiconv", selection = "selected" }, { name = "libiconvSource", version = "0.1.0", source = "libiconvSource", selection = "selected" }, { name = "libinput", version = "1.14.0", source = "libinput", selection = "selected" }, { name = "libinputSource", version = "0.1.0", source = "libinputSource", selection = "selected" }, { name = "libjpeg", version = "2.0.0", source = "libjpeg", selection = "selected" }, { name = "libjpegSource", version = "0.1.0", source = "libjpegSource", selection = "selected" }, { name = "libmd", version = "1.0.0", source = "libmd", selection = "selected" }, { name = "libmdSource", version = "0.1.0", source = "libmdSource", selection = "selected" }, { name = "libpciaccess", version = "1.0.0", source = "libpciaccess", selection = "selected" }, { name = "libpciaccessSource", version = "0.1.0", source = "libpciaccessSource", selection = "selected" }, { name = "libpng", version = "1.6.0", source = "libpng", selection = "selected" }, { name = "libpngSource", version = "0.1.0", source = "libpngSource", selection = "selected" }, { name = "libpthread-stubs", version = "1.0.0", source = "libpthread-stubs", selection = "selected" }, { name = "libseat", version = "1.0.0", source = "libseat", selection = "selected" }, { name = "libseatSource", version = "0.1.0", source = "libseatSource", selection = "selected" }, { name = "libseccomp", version = "2.5.0", source = "libseccomp", selection = "selected" }, { name = "libseccompSource", version = "0.1.0", source = "libseccompSource", selection = "selected" }, { name = "libsystemd", version = "1.0.0", source = "libsystemd", selection = "selected" }, { name = "libtiff", version = "4.0.0", source = "libtiff", selection = "selected" }, { name = "libtiffSource", version = "0.1.0", source = "libtiffSource", selection = "selected" }, { name = "libtool", version = "1.0.0", source = "libtool", selection = "selected" }, { name = "libtoolSource", version = "0.1.0", source = "libtoolSource", selection = "selected" }, { name = "libudev", version = "232.0.0", source = "libudev", selection = "selected" }, { name = "libx11", version = "1.8.0", source = "libx11", selection = "selected" }, { name = "libx11Source", version = "0.1.0", source = "libx11Source", selection = "selected" }, { name = "libxau", version = "1.0.0", source = "libxau", selection = "selected" }, { name = "libxauSource", version = "0.1.0", source = "libxauSource", selection = "selected" }, { name = "libxcb", version = "1.13.0", source = "libxcb", selection = "selected" }, { name = "libxcbSource", version = "0.1.0", source = "libxcbSource", selection = "selected" }, { name = "libxcrypt", version = "1.0.0", source = "libxcrypt", selection = "selected" }, { name = "libxcryptSource", version = "0.1.0", source = "libxcryptSource", selection = "selected" }, { name = "libxcvt", version = "0.1.1", source = "libxcvt", selection = "selected" }, { name = "libxcvtSource", version = "0.1.0", source = "libxcvtSource", selection = "selected" }, { name = "libxdmcp", version = "1.0.0", source = "libxdmcp", selection = "selected" }, { name = "libxdmcpSource", version = "0.1.0", source = "libxdmcpSource", selection = "selected" }, { name = "libxext", version = "1.0.0", source = "libxext", selection = "selected" }, { name = "libxextSource", version = "0.1.0", source = "libxextSource", selection = "selected" }, { name = "libxfixes", version = "1.0.0", source = "libxfixes", selection = "selected" }, { name = "libxfixesSource", version = "0.1.0", source = "libxfixesSource", selection = "selected" }, { name = "libxfont2", version = "1.0.0", source = "libxfont2", selection = "selected" }, { name = "libxfont2Source", version = "0.1.0", source = "libxfont2Source", selection = "selected" }, { name = "libxkbcommon", version = "1.5.0", source = "libxkbcommon", selection = "selected" }, { name = "libxkbcommonSource", version = "0.1.0", source = "libxkbcommonSource", selection = "selected" }, { name = "libxkbfile", version = "1.0.0", source = "libxkbfile", selection = "selected" }, { name = "libxkbfileSource", version = "0.1.0", source = "libxkbfileSource", selection = "selected" }, { name = "libxml2", version = "2.9.0", source = "libxml2", selection = "selected" }, { name = "libxml2Source", version = "0.1.0", source = "libxml2Source", selection = "selected" }, { name = "libxrender", version = "1.0.0", source = "libxrender", selection = "selected" }, { name = "libxrenderSource", version = "0.1.0", source = "libxrenderSource", selection = "selected" }, { name = "libxshmfence", version = "1.0.0", source = "libxshmfence", selection = "selected" }, { name = "libxshmfenceSource", version = "0.1.0", source = "libxshmfenceSource", selection = "selected" }, { name = "libxslt", version = "1.0.0", source = "libxslt", selection = "selected" }, { name = "linux-headers", version = "4.19.0", source = "linux-headers", selection = "selected" }, { name = "linuxHeadersSource", version = "0.1.0", source = "linuxHeadersSource", selection = "selected" }, { name = "llvm", version = "1.0.0", source = "llvm", selection = "selected" }, { name = "llvmSource", version = "0.1.0", source = "llvmSource", selection = "selected" }, { name = "ln", version = "1.0.0", source = "ln", selection = "selected" }, { name = "ls", version = "1.0.0", source = "ls", selection = "selected" }, { name = "lsmod", version = "1.0.0", source = "lsmod", selection = "selected" }, { name = "lvm2", version = "1.0.0", source = "lvm2", selection = "selected" }, { name = "lvm2Source", version = "0.1.0", source = "lvm2Source", selection = "selected" }, { name = "lzo", version = "1.0.0", source = "lzo", selection = "selected" }, { name = "lzoSource", version = "0.1.0", source = "lzoSource", selection = "selected" }, { name = "m4", version = "1.0.0", source = "m4", selection = "selected" }, { name = "make", version = "4.3.0", source = "make", selection = "selected" }, { name = "makeSource", version = "0.1.0", source = "makeSource", selection = "selected" }, { name = "mesa", version = "23.3.0", source = "mesa", selection = "selected" }, { name = "mesaSource", version = "0.1.0", source = "mesaSource", selection = "selected" }, { name = "meson", version = "1.3.0", source = "meson", selection = "selected" }, { name = "mesonSource", version = "0.1.0", source = "mesonSource", selection = "selected" }, { name = "mkdir", version = "1.0.0", source = "mkdir", selection = "selected" }, { name = "mkfs.ext4", version = "1.0.0", source = "mkfs.ext4", selection = "selected" }, { name = "mkfs.vfat", version = "1.0.0", source = "mkfs.vfat", selection = "selected" }, { name = "modprobe", version = "1.0.0", source = "modprobe", selection = "selected" }, { name = "mount", version = "1.0.0", source = "mount", selection = "selected" }, { name = "mountpoint", version = "1.0.0", source = "mountpoint", selection = "selected" }, { name = "mpc", version = "1.2.0", source = "mpc", selection = "selected" }, { name = "mpcSource", version = "0.1.0", source = "mpcSource", selection = "selected" }, { name = "mpfr", version = "4.1.0", source = "mpfr", selection = "selected" }, { name = "mpfrSource", version = "0.1.0", source = "mpfrSource", selection = "selected" }, { name = "mtdev", version = "1.1.0", source = "mtdev", selection = "selected" }, { name = "mtdevSource", version = "0.1.0", source = "mtdevSource", selection = "selected" }, { name = "mtools", version = "1.0.0", source = "mtools", selection = "selected" }, { name = "mtoolsSource", version = "0.1.0", source = "mtoolsSource", selection = "selected" }, { name = "musl", version = "1.0.0", source = "musl", selection = "selected" }, { name = "muslSource", version = "0.1.0", source = "muslSource", selection = "selected" }, { name = "mv", version = "1.0.0", source = "mv", selection = "selected" }, { name = "nano", version = "1.0.0", source = "nano", selection = "selected" }, { name = "nanoSource", version = "0.1.0", source = "nanoSource", selection = "selected" }, { name = "nasm", version = "1.0.0", source = "nasm", selection = "selected" }, { name = "ncurses", version = "6.0.0", source = "ncurses", selection = "selected" }, { name = "ncursesSource", version = "0.1.0", source = "ncursesSource", selection = "selected" }, { name = "nettle", version = "3.7.0", source = "nettle", selection = "selected" }, { name = "nettleSource", version = "0.1.0", source = "nettleSource", selection = "selected" }, { name = "ninja", version = "1.10.0", source = "ninja", selection = "selected" }, { name = "ninjaSource", version = "0.1.0", source = "ninjaSource", selection = "selected" }, { name = "openssh", version = "1.0.0", source = "openssh", selection = "selected" }, { name = "opensshSource", version = "0.1.0", source = "opensshSource", selection = "selected" }, { name = "openssl", version = "3.0.0", source = "openssl", selection = "selected" }, { name = "opensslSource", version = "0.1.0", source = "opensslSource", selection = "selected" }, { name = "pam", version = "1.5.0", source = "pam", selection = "selected" }, { name = "pamSource", version = "0.1.0", source = "pamSource", selection = "selected" }, { name = "pango", version = "1.0.0", source = "pango", selection = "selected" }, { name = "pangoSource", version = "0.1.0", source = "pangoSource", selection = "selected" }, { name = "parted", version = "1.0.0", source = "parted", selection = "selected" }, { name = "partedSource", version = "0.1.0", source = "partedSource", selection = "selected" }, { name = "partprobe", version = "1.0.0", source = "partprobe", selection = "selected" }, { name = "patchelf", version = "1.0.0", source = "patchelf", selection = "selected" }, { name = "patchelfSource", version = "0.1.0", source = "patchelfSource", selection = "selected" }, { name = "pcre2", version = "10.34.0", source = "pcre2", selection = "selected" }, { name = "pcre2Source", version = "0.1.0", source = "pcre2Source", selection = "selected" }, { name = "perl", version = "5.32.0", source = "perl", selection = "selected" }, { name = "perlSource", version = "0.1.0", source = "perlSource", selection = "selected" }, { name = "pixman", version = "0.42.0", source = "pixman", selection = "selected" }, { name = "pixmanSource", version = "0.1.0", source = "pixmanSource", selection = "selected" }, { name = "pkg-config", version = "1.8.0", source = "pkg-config", selection = "selected" }, { name = "pkgconfSource", version = "0.1.0", source = "pkgconfSource", selection = "selected" }, { name = "popt", version = "1.0.0", source = "popt", selection = "selected" }, { name = "poptSource", version = "0.1.0", source = "poptSource", selection = "selected" }, { name = "procps", version = "1.0.0", source = "procps", selection = "selected" }, { name = "procpsSource", version = "0.1.0", source = "procpsSource", selection = "selected" }, { name = "python-jinja2", version = "1.0.0", source = "python-jinja2", selection = "selected" }, { name = "python-markdown", version = "1.0.0", source = "python-markdown", selection = "selected" }, { name = "python-markupsafe", version = "1.0.0", source = "python-markupsafe", selection = "selected" }, { name = "python-packaging", version = "1.0.0", source = "python-packaging", selection = "selected" }, { name = "python-setuptools", version = "1.0.0", source = "python-setuptools", selection = "selected" }, { name = "python3", version = "3.9.0", source = "python3", selection = "selected" }, { name = "python3-with-modules", version = "1.0.0", source = "python3-with-modules", selection = "selected" }, { name = "python3Source", version = "0.1.0", source = "python3Source", selection = "selected" }, { name = "python3WithModulesSource", version = "0.1.0", source = "python3WithModulesSource", selection = "selected" }, { name = "pythonJinja2Source", version = "0.1.0", source = "pythonJinja2Source", selection = "selected" }, { name = "qemu-img", version = "1.0.0", source = "qemu-img", selection = "selected" }, { name = "qemu-nbd", version = "1.0.0", source = "qemu-nbd", selection = "selected" }, { name = "qt6-base", version = "6.8.0", source = "qt6-base", selection = "selected" }, { name = "qt6-declarative", version = "6.8.0", source = "qt6-declarative", selection = "selected" }, { name = "qt6-quickcontrols2", version = "6.6.0", source = "qt6-quickcontrols2", selection = "selected" }, { name = "qt6-shadertools", version = "6.8.0", source = "qt6-shadertools", selection = "selected" }, { name = "qt6-tools", version = "6.8.0", source = "qt6-tools", selection = "selected" }, { name = "qt6-wayland", version = "1.0.0", source = "qt6-wayland", selection = "selected" }, { name = "qt6BaseSource", version = "0.1.0", source = "qt6BaseSource", selection = "selected" }, { name = "qt6DeclarativeSource", version = "0.1.0", source = "qt6DeclarativeSource", selection = "selected" }, { name = "qt6QuickControls2Source", version = "0.1.0", source = "qt6QuickControls2Source", selection = "selected" }, { name = "qt6ShaderToolsSource", version = "0.1.0", source = "qt6ShaderToolsSource", selection = "selected" }, { name = "qt6ToolsSource", version = "0.1.0", source = "qt6ToolsSource", selection = "selected" }, { name = "qt6WaylandSource", version = "0.1.0", source = "qt6WaylandSource", selection = "selected" }, { name = "re2c", version = "3.0.0", source = "re2c", selection = "selected" }, { name = "re2cSource", version = "0.1.0", source = "re2cSource", selection = "selected" }, { name = "readline", version = "1.0.0", source = "readline", selection = "selected" }, { name = "readlineSource", version = "0.1.0", source = "readlineSource", selection = "selected" }, { name = "reproosContainer", version = "0.1.0", source = "reproosContainer", selection = "selected" }, { name = "reproosImage", version = "0.1.0", source = "reproosImage", selection = "selected" }, { name = "reproosInstaller", version = "0.1.0", source = "reproosInstaller", selection = "selected" }, { name = "reproosIso", version = "0.1.0", source = "reproosIso", selection = "selected" }, { name = "reproosWorkflows", version = "0.1.0", source = "reproosWorkflows", selection = "selected" }, { name = "rm", version = "1.0.0", source = "rm", selection = "selected" }, { name = "rmmod", version = "1.0.0", source = "rmmod", selection = "selected" }, { name = "rsync", version = "1.0.0", source = "rsync", selection = "selected" }, { name = "rsyncSource", version = "0.1.0", source = "rsyncSource", selection = "selected" }, { name = "sddm", version = "1.0.0", source = "sddm", selection = "selected" }, { name = "sddmSource", version = "0.1.0", source = "sddmSource", selection = "selected" }, { name = "sed", version = "1.0.0", source = "sed", selection = "selected" }, { name = "sedSource", version = "0.1.0", source = "sedSource", selection = "selected" }, { name = "sgdisk", version = "1.0.0", source = "sgdisk", selection = "selected" }, { name = "sh", version = "1.0.0", source = "sh", selection = "selected" }, { name = "sha256sum", version = "1.0.0", source = "sha256sum", selection = "selected" }, { name = "shadow-utils", version = "1.0.0", source = "shadow-utils", selection = "selected" }, { name = "shadowUtilsSource", version = "0.1.0", source = "shadowUtilsSource", selection = "selected" }, { name = "shared-mime-info", version = "2.0.0", source = "shared-mime-info", selection = "selected" }, { name = "sleep", version = "1.0.0", source = "sleep", selection = "selected" }, { name = "sort", version = "1.0.0", source = "sort", selection = "selected" }, { name = "sqlite", version = "3.40.0", source = "sqlite", selection = "selected" }, { name = "sqliteSource", version = "0.1.0", source = "sqliteSource", selection = "selected" }, { name = "squashfs-tools", version = "1.0.0", source = "squashfs-tools", selection = "selected" }, { name = "squashfsToolsSource", version = "0.1.0", source = "squashfsToolsSource", selection = "selected" }, { name = "strace", version = "1.0.0", source = "strace", selection = "selected" }, { name = "straceSource", version = "0.1.0", source = "straceSource", selection = "selected" }, { name = "sudo", version = "1.0.0", source = "sudo", selection = "selected" }, { name = "sudoSource", version = "0.1.0", source = "sudoSource", selection = "selected" }, { name = "sway", version = "1.0.0", source = "sway", selection = "selected" }, { name = "swaySource", version = "0.1.0", source = "swaySource", selection = "selected" }, { name = "swig", version = "1.0.0", source = "swig", selection = "selected" }, { name = "sync", version = "1.0.0", source = "sync", selection = "selected" }, { name = "systemd", version = "240.0.0", source = "systemd", selection = "selected" }, { name = "systemdSource", version = "0.1.0", source = "systemdSource", selection = "selected" }, { name = "tail", version = "1.0.0", source = "tail", selection = "selected" }, { name = "tar", version = "1.0.0", source = "tar", selection = "selected" }, { name = "tarSource", version = "0.1.0", source = "tarSource", selection = "selected" }, { name = "touch", version = "1.0.0", source = "touch", selection = "selected" }, { name = "umount", version = "1.0.0", source = "umount", selection = "selected" }, { name = "util-linux", version = "2.36.0", source = "util-linux", selection = "selected" }, { name = "util-macros", version = "1.0.0", source = "util-macros", selection = "selected" }, { name = "utilLinuxSource", version = "0.1.0", source = "utilLinuxSource", selection = "selected" }, { name = "utilMacrosSource", version = "0.1.0", source = "utilMacrosSource", selection = "selected" }, { name = "vm-harness", version = "1.0.0", source = "vm-harness", selection = "selected" }, { name = "wayland", version = "1.22.0", source = "wayland", selection = "selected" }, { name = "wayland-protocols", version = "1.31.0", source = "wayland-protocols", selection = "selected" }, { name = "wayland-scanner", version = "1.0.0", source = "wayland-scanner", selection = "selected" }, { name = "waylandSource", version = "0.1.0", source = "waylandSource", selection = "selected" }, { name = "wlroots", version = "0.19.0", source = "wlroots", selection = "selected" }, { name = "wlrootsSource", version = "0.1.0", source = "wlrootsSource", selection = "selected" }, { name = "xcb-proto", version = "1.0.0", source = "xcb-proto", selection = "selected" }, { name = "xcb-util", version = "1.0.0", source = "xcb-util", selection = "selected" }, { name = "xcb-util-cursor", version = "1.0.0", source = "xcb-util-cursor", selection = "selected" }, { name = "xcb-util-image", version = "1.0.0", source = "xcb-util-image", selection = "selected" }, { name = "xcb-util-keysyms", version = "1.0.0", source = "xcb-util-keysyms", selection = "selected" }, { name = "xcb-util-renderutil", version = "1.0.0", source = "xcb-util-renderutil", selection = "selected" }, { name = "xcb-util-wm", version = "1.0.0", source = "xcb-util-wm", selection = "selected" }, { name = "xcbProtoSource", version = "0.1.0", source = "xcbProtoSource", selection = "selected" }, { name = "xcbUtilCursorSource", version = "0.1.0", source = "xcbUtilCursorSource", selection = "selected" }, { name = "xcbUtilImageSource", version = "0.1.0", source = "xcbUtilImageSource", selection = "selected" }, { name = "xcbUtilKeysymsSource", version = "0.1.0", source = "xcbUtilKeysymsSource", selection = "selected" }, { name = "xcbUtilRenderutilSource", version = "0.1.0", source = "xcbUtilRenderutilSource", selection = "selected" }, { name = "xcbUtilSource", version = "0.1.0", source = "xcbUtilSource", selection = "selected" }, { name = "xcbUtilWmSource", version = "0.1.0", source = "xcbUtilWmSource", selection = "selected" }, { name = "xkbcomp", version = "1.0.0", source = "xkbcomp", selection = "selected" }, { name = "xkbcompSource", version = "0.1.0", source = "xkbcompSource", selection = "selected" }, { name = "xkeyboard-config", version = "1.0.0", source = "xkeyboard-config", selection = "selected" }, { name = "xkeyboardConfigSource", version = "0.1.0", source = "xkeyboardConfigSource", selection = "selected" }, { name = "xorg-server", version = "1.0.0", source = "xorg-server", selection = "selected" }, { name = "xorgServerSource", version = "0.1.0", source = "xorgServerSource", selection = "selected" }, { name = "xorgproto", version = "1.0.0", source = "xorgproto", selection = "selected" }, { name = "xorgprotoSource", version = "0.1.0", source = "xorgprotoSource", selection = "selected" }, { name = "xorriso", version = "1.0.0", source = "xorriso", selection = "selected" }, { name = "xorrisoSource", version = "0.1.0", source = "xorrisoSource", selection = "selected" }, { name = "xtrans", version = "1.0.0", source = "xtrans", selection = "selected" }, { name = "xtransSource", version = "0.1.0", source = "xtransSource", selection = "selected" }, { name = "xz", version = "5.4.0", source = "xz", selection = "selected" }, { name = "xzSource", version = "0.1.0", source = "xzSource", selection = "selected" }, { name = "zlib", version = "1.2.11", source = "zlib", selection = "selected" }, { name = "zlibSource", version = "0.1.0", source = "zlibSource", selection = "selected" }, { name = "zstd", version = "1.5.0", source = "zstd", selection = "selected" }, { name = "zstdSource", version = "0.1.0", source = "zstdSource", selection = "selected" }]
deps = [{ name = "reprobuild-packages", path = "../reprobuild-packages-linux-1e49061", coord_kind = "vcs", url = "https://github.com/metacraft-labs/reprobuild-packages", ref = "", revision = "22a40cb7c1b02ef6899cb27ff239b80cc75d3016", integrity = "git-sha1:22a40cb7c1b02ef6899cb27ff239b80cc75d3016", version = "", visibility = "public", participation = "", depends = "", tags = "" }, { name = "reproos", path = ".", coord_kind = "vcs", url = "https://github.com/metacraft-labs/reproos", ref = "dev", revision = "267c736f18f6404a6830598a3ffb6236667f1821", integrity = "git-sha1:267c736f18f6404a6830598a3ffb6236667f1821", version = "", visibility = "public", participation = "", depends = "vm-harness,reprobuild-packages", tags = "" }, { name = "vm-harness", path = "../vm-harness", coord_kind = "vcs", url = "https://github.com/metacraft-labs/vm-harness", ref = "dev", revision = "a479b4cc41467e85ce366f376d3780dad594784b", integrity = "git-sha1:a479b4cc41467e85ce366f376d3780dad594784b", version = "", visibility = "public", participation = "", depends = "", tags = "" }]
